
Microsoft Visual Studio Solution File, Format Version 12.00
# Visual Studio Version 17
VisualStudioVersion = 17.3.32922.545
MinimumVisualStudioVersion = 10.0.40219.1
Project("{9A19103F-16F7-4668-BE54-9A1E7A4F7556}") = "Noughts and Crosses", "Noughts and Crosses\Noughts and Crosses.csproj", "{B3CC4969-4B57-4A82-935C-3BAA3040B578}"
EndProject
Global
	GlobalSection(SolutionConfigurationPlatforms) = preSolution
		Debug|Any CPU = Debug|Any CPU
		Release|Any CPU = Release|Any CPU
	EndGlobalSection
	GlobalSection(ProjectConfigurationPlatforms) = postSolution
		{B3CC4969-4B57-4A82-935C-3BAA3040B578}.Debug|Any CPU.ActiveCfg = Debug|Any CPU
		{B3CC4969-4B57-4A82-935C-3BAA3040B578}.Debug|Any CPU.Build.0 = Debug|Any CPU
		{B3CC4969-4B57-4A82-935C-3BAA3040B578}.Release|Any CPU.ActiveCfg = Release|Any CPU
		{B3CC4969-4B57-4A82-935C-3BAA3040B578}.Release|Any CPU.Build.0 = Release|Any CPU
	EndGlobalSection
	GlobalSection(SolutionProperties) = preSolution
		HideSolutionNode = FALSE
	EndGlobalSection
	GlobalSection(ExtensibilityGlobals) = postSolution
		SolutionGuid = {00708AA7-5847-44FA-800A-2A4F0E5BED5C}
	EndGlobalSection
EndGlobal
